
Microsoft Visual Studio Solution File, Format Version 12.00
# Visual Studio Version 17
VisualStudioVersion = 17.14.36301.6
MinimumVisualStudioVersion = 10.0.40219.1
Project("{FAE04EC0-301F-11D3-BF4B-00C04F79EFBC}") = "CodeChavez.EventBus.Abstractions", "src\CodeChavez.EventBus.Abstractions\CodeChavez.EventBus.Abstractions.csproj", "{54618F5E-5C1B-4FE4-A4D8-C1CB2B10BB5D}"
EndProject
Global
	GlobalSection(SolutionConfigurationPlatforms) = preSolution
		Debug|Any CPU = Debug|Any CPU
		Release|Any CPU = Release|Any CPU
	EndGlobalSection
	GlobalSection(ProjectConfigurationPlatforms) = postSolution
		{54618F5E-5C1B-4FE4-A4D8-C1CB2B10BB5D}.Debug|Any CPU.ActiveCfg = Debug|Any CPU
		{54618F5E-5C1B-4FE4-A4D8-C1CB2B10BB5D}.Debug|Any CPU.Build.0 = Debug|Any CPU
		{54618F5E-5C1B-4FE4-A4D8-C1CB2B10BB5D}.Release|Any CPU.ActiveCfg = Release|Any CPU
		{54618F5E-5C1B-4FE4-A4D8-C1CB2B10BB5D}.Release|Any CPU.Build.0 = Release|Any CPU
	EndGlobalSection
	GlobalSection(SolutionProperties) = preSolution
		HideSolutionNode = FALSE
	EndGlobalSection
	GlobalSection(ExtensibilityGlobals) = postSolution
		SolutionGuid = {4EC7ECDF-0ACB-40A3-A27F-3599FBD516EA}
	EndGlobalSection
EndGlobal
